
Microsoft Visual Studio Solution File, Format Version 11.00
# Visual Studio 2010
Project("{8BC9CEB8-8B4A-11D0-8D11-00A0C91BC942}") = "SpaceBrawl", "SpaceBrawl\SpaceBrawl.vcxproj", "{82A4FAD2-344D-4570-BB48-8220E073CC15}"
	ProjectSection(ProjectDependencies) = postProject
		{9A036B8C-34B8-4DD3-8CAD-CDF5DFC56327} = {9A036B8C-34B8-4DD3-8CAD-CDF5DFC56327}
	EndProjectSection
EndProject
Project("{8BC9CEB8-8B4A-11D0-8D11-00A0C91BC942}") = "BBK", "BBK\BBK.vcxproj", "{9A036B8C-34B8-4DD3-8CAD-CDF5DFC56327}"
EndProject
Global
	GlobalSection(SolutionConfigurationPlatforms) = preSolution
		Debug|Win32 = Debug|Win32
		Release|Win32 = Release|Win32
	EndGlobalSection
	GlobalSection(ProjectConfigurationPlatforms) = postSolution
		{82A4FAD2-344D-4570-BB48-8220E073CC15}.Debug|Win32.ActiveCfg = Debug|Win32
		{82A4FAD2-344D-4570-BB48-8220E073CC15}.Debug|Win32.Build.0 = Debug|Win32
		{82A4FAD2-344D-4570-BB48-8220E073CC15}.Release|Win32.ActiveCfg = Release|Win32
		{82A4FAD2-344D-4570-BB48-8220E073CC15}.Release|Win32.Build.0 = Release|Win32
		{9A036B8C-34B8-4DD3-8CAD-CDF5DFC56327}.Debug|Win32.ActiveCfg = Debug|Win32
		{9A036B8C-34B8-4DD3-8CAD-CDF5DFC56327}.Debug|Win32.Build.0 = Debug|Win32
		{9A036B8C-34B8-4DD3-8CAD-CDF5DFC56327}.Release|Win32.ActiveCfg = Release|Win32
		{9A036B8C-34B8-4DD3-8CAD-CDF5DFC56327}.Release|Win32.Build.0 = Release|Win32
	EndGlobalSection
	GlobalSection(SolutionProperties) = preSolution
		HideSolutionNode = FALSE
	EndGlobalSection
EndGlobal
